// !$*UTF8*$!
{
	archiveVersion = 1;
	classes = {
	};
	objectVersion = 56;
	objects = {

/* Begin PBXBuildFile section */
		04B9DC7829E6C8A000A6AE67 /* WeatherAppApp.swift in Sources */ = {isa = PBXBuildFile; fileRef = 04B9DC7729E6C8A000A6AE67 /* WeatherAppApp.swift */; };
		04B9DC7A29E6C8A000A6AE67 /* ContentView.swift in Sources */ = {isa = PBXBuildFile; fileRef = 04B9DC7929E6C8A000A6AE67 /* ContentView.swift */; };
		04B9DC7C29E6C8A400A6AE67 /* Assets.xcassets in Resources */ = {isa = PBXBuildFile; fileRef = 04B9DC7B29E6C8A400A6AE67 /* Assets.xcassets */; };
		04B9DC7F29E6C8A400A6AE67 /* Preview Assets.xcassets in Resources */ = {isa = PBXBuildFile; fileRef = 04B9DC7E29E6C8A400A6AE67 /* Preview Assets.xcassets */; };
		04B9DC8B29E71B3500A6AE67 /* WeatherAPI.swift in Sources */ = {isa = PBXBuildFile; fileRef = 04B9DC8A29E71B3500A6AE67 /* WeatherAPI.swift */; };
		04B9DC8F29E7229600A6AE67 /* NetworkManager.swift in Sources */ = {isa = PBXBuildFile; fileRef = 04B9DC8E29E7229600A6AE67 /* NetworkManager.swift */; };
		04B9DC9129E89D2F00A6AE67 /* WeatherRespose.swift in Sources */ = {isa = PBXBuildFile; fileRef = 04B9DC9029E89D2F00A6AE67 /* WeatherRespose.swift */; };
		04B9DC9329E89DA800A6AE67 /* Weather.swift in Sources */ = {isa = PBXBuildFile; fileRef = 04B9DC9229E89DA800A6AE67 /* Weather.swift */; };
		04B9DC9529E89DB500A6AE67 /* WeatherDetail.swift in Sources */ = {isa = PBXBuildFile; fileRef = 04B9DC9429E89DB500A6AE67 /* WeatherDetail.swift */; };
		04B9DC9729E89DE700A6AE67 /* DailyWeather.swift in Sources */ = {isa = PBXBuildFile; fileRef = 04B9DC9629E89DE700A6AE67 /* DailyWeather.swift */; };
		04B9DC9929E936C600A6AE67 /* Temperature.swift in Sources */ = {isa = PBXBuildFile; fileRef = 04B9DC9829E936C600A6AE67 /* Temperature.swift */; };
		04B9DC9B29E973A100A6AE67 /* CityViewVM.swift in Sources */ = {isa = PBXBuildFile; fileRef = 04B9DC9A29E973A100A6AE67 /* CityViewVM.swift */; };
		04B9DC9E29EC9AA500A6AE67 /* Lottie in Frameworks */ = {isa = PBXBuildFile; productRef = 04B9DC9D29EC9AA500A6AE67 /* Lottie */; };
		04B9DCA029EC9BBE00A6AE67 /* LottieView.swift in Sources */ = {isa = PBXBuildFile; fileRef = 04B9DC9F29EC9BBE00A6AE67 /* LottieView.swift */; };
		04B9DCB329ED6C9200A6AE67 /* nightFewClouds.json in Resources */ = {isa = PBXBuildFile; fileRef = 04B9DCA129ED6C9100A6AE67 /* nightFewClouds.json */; };
		04B9DCB429ED6C9200A6AE67 /* dayBrokenClouds.json in Resources */ = {isa = PBXBuildFile; fileRef = 04B9DCA229ED6C9100A6AE67 /* dayBrokenClouds.json */; };
		04B9DCB529ED6C9200A6AE67 /* dayScatteredClouds.json in Resources */ = {isa = PBXBuildFile; fileRef = 04B9DCA329ED6C9100A6AE67 /* dayScatteredClouds.json */; };
		04B9DCB629ED6C9200A6AE67 /* daySnow.json in Resources */ = {isa = PBXBuildFile; fileRef = 04B9DCA429ED6C9100A6AE67 /* daySnow.json */; };
		04B9DCB729ED6C9200A6AE67 /* nightRain.json in Resources */ = {isa = PBXBuildFile; fileRef = 04B9DCA529ED6C9100A6AE67 /* nightRain.json */; };
		04B9DCB829ED6C9200A6AE67 /* dayThunderstorm.json in Resources */ = {isa = PBXBuildFile; fileRef = 04B9DCA629ED6C9100A6AE67 /* dayThunderstorm.json */; };
		04B9DCB929ED6C9200A6AE67 /* nightBrokenClouds.json in Resources */ = {isa = PBXBuildFile; fileRef = 04B9DCA729ED6C9100A6AE67 /* nightBrokenClouds.json */; };
		04B9DCBA29ED6C9200A6AE67 /* dayRain.json in Resources */ = {isa = PBXBuildFile; fileRef = 04B9DCA829ED6C9100A6AE67 /* dayRain.json */; };
		04B9DCBB29ED6C9200A6AE67 /* dayClearSky.json in Resources */ = {isa = PBXBuildFile; fileRef = 04B9DCA929ED6C9100A6AE67 /* dayClearSky.json */; };
		04B9DCBC29ED6C9200A6AE67 /* nightScatteredClouds.json in Resources */ = {isa = PBXBuildFile; fileRef = 04B9DCAA29ED6C9100A6AE67 /* nightScatteredClouds.json */; };
		04B9DCBD29ED6C9200A6AE67 /* nightThunderstorm.json in Resources */ = {isa = PBXBuildFile; fileRef = 04B9DCAB29ED6C9100A6AE67 /* nightThunderstorm.json */; };
		04B9DCBE29ED6C9200A6AE67 /* dayMist.json in Resources */ = {isa = PBXBuildFile; fileRef = 04B9DCAC29ED6C9100A6AE67 /* dayMist.json */; };
		04B9DCBF29ED6C9200A6AE67 /* dayShowerRains.json in Resources */ = {isa = PBXBuildFile; fileRef = 04B9DCAD29ED6C9100A6AE67 /* dayShowerRains.json */; };
		04B9DCC029ED6C9200A6AE67 /* nightSnow.json in Resources */ = {isa = PBXBuildFile; fileRef = 04B9DCAE29ED6C9100A6AE67 /* nightSnow.json */; };
		04B9DCC129ED6C9200A6AE67 /* nightShowerRains.json in Resources */ = {isa = PBXBuildFile; fileRef = 04B9DCAF29ED6C9100A6AE67 /* nightShowerRains.json */; };
		04B9DCC229ED6C9200A6AE67 /* nightClearSky.json in Resources */ = {isa = PBXBuildFile; fileRef = 04B9DCB029ED6C9100A6AE67 /* nightClearSky.json */; };
		04B9DCC329ED6C9200A6AE67 /* nightMist.json in Resources */ = {isa = PBXBuildFile; fileRef = 04B9DCB129ED6C9100A6AE67 /* nightMist.json */; };
		04B9DCC429ED6C9200A6AE67 /* dayFewClouds.json in Resources */ = {isa = PBXBuildFile; fileRef = 04B9DCB229ED6C9200A6AE67 /* dayFewClouds.json */; };
		04B9DCC629ED8D4500A6AE67 /* MenuHeaderView.swift in Sources */ = {isa = PBXBuildFile; fileRef = 04B9DCC529ED8D4500A6AE67 /* MenuHeaderView.swift */; };
		04B9DCC829ED954000A6AE67 /* CityNameView.swift in Sources */ = {isa = PBXBuildFile; fileRef = 04B9DCC729ED954000A6AE67 /* CityNameView.swift */; };
		04B9DCCA29ED9A3100A6AE67 /* TodayWeatherView.swift in Sources */ = {isa = PBXBuildFile; fileRef = 04B9DCC929ED9A3100A6AE67 /* TodayWeatherView.swift */; };
		04B9DCCE29EDDD4800A6AE67 /* DailyWeatherCell.swift in Sources */ = {isa = PBXBuildFile; fileRef = 04B9DCCD29EDDD4800A6AE67 /* DailyWeatherCell.swift */; };
		04B9DCD029EDE37A00A6AE67 /* CityView.swift in Sources */ = {isa = PBXBuildFile; fileRef = 04B9DCCF29EDE37A00A6AE67 /* CityView.swift */; };
		04D37BE729FAF19900B1F501 /* LocationManager.swift in Sources */ = {isa = PBXBuildFile; fileRef = 04D37BE629FAF19900B1F501 /* LocationManager.swift */; };
		04D37BED29FB0C4900B1F501 /* ForecastView.swift in Sources */ = {isa = PBXBuildFile; fileRef = 04D37BEC29FB0C4900B1F501 /* ForecastView.swift */; };
		04D37BEF29FB0CB200B1F501 /* MainView.swift in Sources */ = {isa = PBXBuildFile; fileRef = 04D37BEE29FB0CB200B1F501 /* MainView.swift */; };
/* End PBXBuildFile section */

/* Begin PBXFileReference section */
		04B9DC7429E6C8A000A6AE67 /* WeatherApp.app */ = {isa = PBXFileReference; explicitFileType = wrapper.application; includeInIndex = 0; path = WeatherApp.app; sourceTree = BUILT_PRODUCTS_DIR; };
		04B9DC7729E6C8A000A6AE67 /* WeatherAppApp.swift */ = {isa = PBXFileReference; lastKnownFileType = sourcecode.swift; path = WeatherAppApp.swift; sourceTree = "<group>"; };
		04B9DC7929E6C8A000A6AE67 /* ContentView.swift */ = {isa = PBXFileReference; lastKnownFileType = sourcecode.swift; path = ContentView.swift; sourceTree = "<group>"; };
		04B9DC7B29E6C8A400A6AE67 /* Assets.xcassets */ = {isa = PBXFileReference; lastKnownFileType = folder.assetcatalog; path = Assets.xcassets; sourceTree = "<group>"; };
		04B9DC7E29E6C8A400A6AE67 /* Preview Assets.xcassets */ = {isa = PBXFileReference; lastKnownFileType = folder.assetcatalog; path = "Preview Assets.xcassets"; sourceTree = "<group>"; };
		04B9DC8A29E71B3500A6AE67 /* WeatherAPI.swift */ = {isa = PBXFileReference; lastKnownFileType = sourcecode.swift; path = WeatherAPI.swift; sourceTree = "<group>"; };
		04B9DC8E29E7229600A6AE67 /* NetworkManager.swift */ = {isa = PBXFileReference; lastKnownFileType = sourcecode.swift; path = NetworkManager.swift; sourceTree = "<group>"; };
		04B9DC9029E89D2F00A6AE67 /* WeatherRespose.swift */ = {isa = PBXFileReference; lastKnownFileType = sourcecode.swift; path = WeatherRespose.swift; sourceTree = "<group>"; };
		04B9DC9229E89DA800A6AE67 /* Weather.swift */ = {isa = PBXFileReference; lastKnownFileType = sourcecode.swift; path = Weather.swift; sourceTree = "<group>"; };
		04B9DC9429E89DB500A6AE67 /* WeatherDetail.swift */ = {isa = PBXFileReference; lastKnownFileType = sourcecode.swift; path = WeatherDetail.swift; sourceTree = "<group>"; };
		04B9DC9629E89DE700A6AE67 /* DailyWeather.swift */ = {isa = PBXFileReference; lastKnownFileType = sourcecode.swift; path = DailyWeather.swift; sourceTree = "<group>"; };
		04B9DC9829E936C600A6AE67 /* Temperature.swift */ = {isa = PBXFileReference; lastKnownFileType = sourcecode.swift; path = Temperature.swift; sourceTree = "<group>"; };
		04B9DC9A29E973A100A6AE67 /* CityViewVM.swift */ = {isa = PBXFileReference; lastKnownFileType = sourcecode.swift; path = CityViewVM.swift; sourceTree = "<group>"; };
		04B9DC9F29EC9BBE00A6AE67 /* LottieView.swift */ = {isa = PBXFileReference; lastKnownFileType = sourcecode.swift; path = LottieView.swift; sourceTree = "<group>"; };
		04B9DCA129ED6C9100A6AE67 /* nightFewClouds.json */ = {isa = PBXFileReference; fileEncoding = 4; lastKnownFileType = text.json; path = nightFewClouds.json; sourceTree = "<group>"; };
		04B9DCA229ED6C9100A6AE67 /* dayBrokenClouds.json */ = {isa = PBXFileReference; fileEncoding = 4; lastKnownFileType = text.json; path = dayBrokenClouds.json; sourceTree = "<group>"; };
		04B9DCA329ED6C9100A6AE67 /* dayScatteredClouds.json */ = {isa = PBXFileReference; fileEncoding = 4; lastKnownFileType = text.json; path = dayScatteredClouds.json; sourceTree = "<group>"; };
		04B9DCA429ED6C9100A6AE67 /* daySnow.json */ = {isa = PBXFileReference; fileEncoding = 4; lastKnownFileType = text.json; path = daySnow.json; sourceTree = "<group>"; };
		04B9DCA529ED6C9100A6AE67 /* nightRain.json */ = {isa = PBXFileReference; fileEncoding = 4; lastKnownFileType = text.json; path = nightRain.json; sourceTree = "<group>"; };
		04B9DCA629ED6C9100A6AE67 /* dayThunderstorm.json */ = {isa = PBXFileReference; fileEncoding = 4; lastKnownFileType = text.json; path = dayThunderstorm.json; sourceTree = "<group>"; };
		04B9DCA729ED6C9100A6AE67 /* nightBrokenClouds.json */ = {isa = PBXFileReference; fileEncoding = 4; lastKnownFileType = text.json; path = nightBrokenClouds.json; sourceTree = "<group>"; };
		04B9DCA829ED6C9100A6AE67 /* dayRain.json */ = {isa = PBXFileReference; fileEncoding = 4; lastKnownFileType = text.json; path = dayRain.json; sourceTree = "<group>"; };
		04B9DCA929ED6C9100A6AE67 /* dayClearSky.json */ = {isa = PBXFileReference; fileEncoding = 4; lastKnownFileType = text.json; path = dayClearSky.json; sourceTree = "<group>"; };
		04B9DCAA29ED6C9100A6AE67 /* nightScatteredClouds.json */ = {isa = PBXFileReference; fileEncoding = 4; lastKnownFileType = text.json; path = nightScatteredClouds.json; sourceTree = "<group>"; };
		04B9DCAB29ED6C9100A6AE67 /* nightThunderstorm.json */ = {isa = PBXFileReference; fileEncoding = 4; lastKnownFileType = text.json; path = nightThunderstorm.json; sourceTree = "<group>"; };
		04B9DCAC29ED6C9100A6AE67 /* dayMist.json */ = {isa = PBXFileReference; fileEncoding = 4; lastKnownFileType = text.json; path = dayMist.json; sourceTree = "<group>"; };
		04B9DCAD29ED6C9100A6AE67 /* dayShowerRains.json */ = {isa = PBXFileReference; fileEncoding = 4; lastKnownFileType = text.json; path = dayShowerRains.json; sourceTree = "<group>"; };
		04B9DCAE29ED6C9100A6AE67 /* nightSnow.json */ = {isa = PBXFileReference; fileEncoding = 4; lastKnownFileType = text.json; path = nightSnow.json; sourceTree = "<group>"; };
		04B9DCAF29ED6C9100A6AE67 /* nightShowerRains.json */ = {isa = PBXFileReference; fileEncoding = 4; lastKnownFileType = text.json; path = nightShowerRains.json; sourceTree = "<group>"; };
		04B9DCB029ED6C9100A6AE67 /* nightClearSky.json */ = {isa = PBXFileReference; fileEncoding = 4; lastKnownFileType = text.json; path = nightClearSky.json; sourceTree = "<group>"; };
		04B9DCB129ED6C9100A6AE67 /* nightMist.json */ = {isa = PBXFileReference; fileEncoding = 4; lastKnownFileType = text.json; path = nightMist.json; sourceTree = "<group>"; };
		04B9DCB229ED6C9200A6AE67 /* dayFewClouds.json */ = {isa = PBXFileReference; fileEncoding = 4; lastKnownFileType = text.json; path = dayFewClouds.json; sourceTree = "<group>"; };
		04B9DCC529ED8D4500A6AE67 /* MenuHeaderView.swift */ = {isa = PBXFileReference; lastKnownFileType = sourcecode.swift; path = MenuHeaderView.swift; sourceTree = "<group>"; };
		04B9DCC729ED954000A6AE67 /* CityNameView.swift */ = {isa = PBXFileReference; lastKnownFileType = sourcecode.swift; path = CityNameView.swift; sourceTree = "<group>"; };
		04B9DCC929ED9A3100A6AE67 /* TodayWeatherView.swift */ = {isa = PBXFileReference; lastKnownFileType = sourcecode.swift; path = TodayWeatherView.swift; sourceTree = "<group>"; };
		04B9DCCD29EDDD4800A6AE67 /* DailyWeatherCell.swift */ = {isa = PBXFileReference; lastKnownFileType = sourcecode.swift; path = DailyWeatherCell.swift; sourceTree = "<group>"; };
		04B9DCCF29EDE37A00A6AE67 /* CityView.swift */ = {isa = PBXFileReference; lastKnownFileType = sourcecode.swift; path = CityView.swift; sourceTree = "<group>"; };
		04D37BE629FAF19900B1F501 /* LocationManager.swift */ = {isa = PBXFileReference; lastKnownFileType = sourcecode.swift; path = LocationManager.swift; sourceTree = "<group>"; };
		04D37BEC29FB0C4900B1F501 /* ForecastView.swift */ = {isa = PBXFileReference; lastKnownFileType = sourcecode.swift; path = ForecastView.swift; sourceTree = "<group>"; };
		04D37BEE29FB0CB200B1F501 /* MainView.swift */ = {isa = PBXFileReference; lastKnownFileType = sourcecode.swift; path = MainView.swift; sourceTree = "<group>"; };
/* End PBXFileReference section */

/* Begin PBXFrameworksBuildPhase section */
		04B9DC7129E6C8A000A6AE67 /* Frameworks */ = {
			isa = PBXFrameworksBuildPhase;
			buildActionMask = 2147483647;
			files = (
				04B9DC9E29EC9AA500A6AE67 /* Lottie in Frameworks */,
			);
			runOnlyForDeploymentPostprocessing = 0;
		};
/* End PBXFrameworksBuildPhase section */

/* Begin PBXGroup section */
		04B9DC6B29E6C8A000A6AE67 = {
			isa = PBXGroup;
			children = (
				04B9DC7629E6C8A000A6AE67 /* WeatherApp */,
				04B9DC7529E6C8A000A6AE67 /* Products */,
			);
			sourceTree = "<group>";
		};
		04B9DC7529E6C8A000A6AE67 /* Products */ = {
			isa = PBXGroup;
			children = (
				04B9DC7429E6C8A000A6AE67 /* WeatherApp.app */,
			);
			name = Products;
			sourceTree = "<group>";
		};
		04B9DC7629E6C8A000A6AE67 /* WeatherApp */ = {
			isa = PBXGroup;
			children = (
				04B9DC7729E6C8A000A6AE67 /* WeatherAppApp.swift */,
				04B9DC7929E6C8A000A6AE67 /* ContentView.swift */,
				04D37BE229F9BDAC00B1F501 /* Screens */,
				04B9DC8829E7168600A6AE67 /* ViewModels */,
				04B9DC8629E7167500A6AE67 /* DomainModels */,
				04B9DC8529E7164C00A6AE67 /* Networking */,
				04D37BE529FAF15600B1F501 /* LocationManager */,
				04D37BE129F9BACA00B1F501 /* Resources */,
				04B9DC7B29E6C8A400A6AE67 /* Assets.xcassets */,
				04B9DC7D29E6C8A400A6AE67 /* Preview Content */,
			);
			path = WeatherApp;
			sourceTree = "<group>";
		};
		04B9DC7D29E6C8A400A6AE67 /* Preview Content */ = {
			isa = PBXGroup;
			children = (
				04B9DC7E29E6C8A400A6AE67 /* Preview Assets.xcassets */,
			);
			path = "Preview Content";
			sourceTree = "<group>";
		};
		04B9DC8529E7164C00A6AE67 /* Networking */ = {
			isa = PBXGroup;
			children = (
				04B9DC8A29E71B3500A6AE67 /* WeatherAPI.swift */,
				04B9DC8E29E7229600A6AE67 /* NetworkManager.swift */,
			);
			path = Networking;
			sourceTree = "<group>";
		};
		04B9DC8629E7167500A6AE67 /* DomainModels */ = {
			isa = PBXGroup;
			children = (
				04B9DC9029E89D2F00A6AE67 /* WeatherRespose.swift */,
				04B9DC9229E89DA800A6AE67 /* Weather.swift */,
				04B9DC9429E89DB500A6AE67 /* WeatherDetail.swift */,
				04B9DC9629E89DE700A6AE67 /* DailyWeather.swift */,
				04B9DC9829E936C600A6AE67 /* Temperature.swift */,
			);
			path = DomainModels;
			sourceTree = "<group>";
		};
		04B9DC8829E7168600A6AE67 /* ViewModels */ = {
			isa = PBXGroup;
			children = (
				04B9DC9A29E973A100A6AE67 /* CityViewVM.swift */,
			);
			path = ViewModels;
			sourceTree = "<group>";
		};
		04B9DC8929E716A600A6AE67 /* LottieJson */ = {
			isa = PBXGroup;
			children = (
				04B9DCA229ED6C9100A6AE67 /* dayBrokenClouds.json */,
				04B9DCA929ED6C9100A6AE67 /* dayClearSky.json */,
				04B9DCB229ED6C9200A6AE67 /* dayFewClouds.json */,
				04B9DCAC29ED6C9100A6AE67 /* dayMist.json */,
				04B9DCA829ED6C9100A6AE67 /* dayRain.json */,
				04B9DCA329ED6C9100A6AE67 /* dayScatteredClouds.json */,
				04B9DCAD29ED6C9100A6AE67 /* dayShowerRains.json */,
				04B9DCA429ED6C9100A6AE67 /* daySnow.json */,
				04B9DCA629ED6C9100A6AE67 /* dayThunderstorm.json */,
				04B9DCA729ED6C9100A6AE67 /* nightBrokenClouds.json */,
				04B9DCB029ED6C9100A6AE67 /* nightClearSky.json */,
				04B9DCA129ED6C9100A6AE67 /* nightFewClouds.json */,
				04B9DCB129ED6C9100A6AE67 /* nightMist.json */,
				04B9DCA529ED6C9100A6AE67 /* nightRain.json */,
				04B9DCAA29ED6C9100A6AE67 /* nightScatteredClouds.json */,
				04B9DCAF29ED6C9100A6AE67 /* nightShowerRains.json */,
				04B9DCAE29ED6C9100A6AE67 /* nightSnow.json */,
				04B9DCAB29ED6C9100A6AE67 /* nightThunderstorm.json */,
			);
			path = LottieJson;
			sourceTree = "<group>";
		};
		04D37BE129F9BACA00B1F501 /* Resources */ = {
			isa = PBXGroup;
			children = (
				04B9DC8929E716A600A6AE67 /* LottieJson */,
			);
			path = Resources;
			sourceTree = "<group>";
		};
		04D37BE229F9BDAC00B1F501 /* Screens */ = {
			isa = PBXGroup;
			children = (
				04D37BE329F9BDBA00B1F501 /* Main */,
				04D37BE429F9BDC500B1F501 /* Forecast */,
			);
			path = Screens;
			sourceTree = "<group>";
		};
		04D37BE329F9BDBA00B1F501 /* Main */ = {
			isa = PBXGroup;
			children = (
				04D37BEE29FB0CB200B1F501 /* MainView.swift */,
				04D37BE929FB0A5000B1F501 /* Subviews */,
			);
			path = Main;
			sourceTree = "<group>";
		};
		04D37BE429F9BDC500B1F501 /* Forecast */ = {
			isa = PBXGroup;
			children = (
				04D37BEC29FB0C4900B1F501 /* ForecastView.swift */,
				04D37BF029FB0D0C00B1F501 /* Subviews */,
			);
			path = Forecast;
			sourceTree = "<group>";
		};
		04D37BE529FAF15600B1F501 /* LocationManager */ = {
			isa = PBXGroup;
			children = (
				04D37BE629FAF19900B1F501 /* LocationManager.swift */,
			);
			path = LocationManager;
			sourceTree = "<group>";
		};
		04D37BE929FB0A5000B1F501 /* Subviews */ = {
			isa = PBXGroup;
			children = (
				04B9DCC529ED8D4500A6AE67 /* MenuHeaderView.swift */,
				04B9DCC729ED954000A6AE67 /* CityNameView.swift */,
				04B9DC9F29EC9BBE00A6AE67 /* LottieView.swift */,
				04B9DCC929ED9A3100A6AE67 /* TodayWeatherView.swift */,
				04B9DCCF29EDE37A00A6AE67 /* CityView.swift */,
			);
			path = Subviews;
			sourceTree = "<group>";
		};
		04D37BF029FB0D0C00B1F501 /* Subviews */ = {
			isa = PBXGroup;
			children = (
				04B9DCCD29EDDD4800A6AE67 /* DailyWeatherCell.swift */,
			);
			path = Subviews;
			sourceTree = "<group>";
		};
/* End PBXGroup section */

/* Begin PBXNativeTarget section */
		04B9DC7329E6C8A000A6AE67 /* WeatherApp */ = {
			isa = PBXNativeTarget;
			buildConfigurationList = 04B9DC8229E6C8A400A6AE67 /* Build configuration list for PBXNativeTarget "WeatherApp" */;
			buildPhases = (
				04B9DC7029E6C8A000A6AE67 /* Sources */,
				04B9DC7129E6C8A000A6AE67 /* Frameworks */,
				04B9DC7229E6C8A000A6AE67 /* Resources */,
			);
			buildRules = (
			);
			dependencies = (
			);
			name = WeatherApp;
			packageProductDependencies = (
				04B9DC9D29EC9AA500A6AE67 /* Lottie */,
			);
			productName = WeatherApp;
			productReference = 04B9DC7429E6C8A000A6AE67 /* WeatherApp.app */;
			productType = "com.apple.product-type.application";
		};
/* End PBXNativeTarget section */

/* Begin PBXProject section */
		04B9DC6C29E6C8A000A6AE67 /* Project object */ = {
			isa = PBXProject;
			attributes = {
				BuildIndependentTargetsInParallel = 1;
				LastSwiftUpdateCheck = 1410;
				LastUpgradeCheck = 1410;
				TargetAttributes = {
					04B9DC7329E6C8A000A6AE67 = {
						CreatedOnToolsVersion = 14.1;
					};
				};
			};
			buildConfigurationList = 04B9DC6F29E6C8A000A6AE67 /* Build configuration list for PBXProject "WeatherApp" */;
			compatibilityVersion = "Xcode 14.0";
			developmentRegion = en;
			hasScannedForEncodings = 0;
			knownRegions = (
				en,
				Base,
			);
			mainGroup = 04B9DC6B29E6C8A000A6AE67;
			packageReferences = (
				04B9DC9C29EC9AA500A6AE67 /* XCRemoteSwiftPackageReference "lottie-spm" */,
			);
			productRefGroup = 04B9DC7529E6C8A000A6AE67 /* Products */;
			projectDirPath = "";
			projectRoot = "";
			targets = (
				04B9DC7329E6C8A000A6AE67 /* WeatherApp */,
			);
		};
/* End PBXProject section */

/* Begin PBXResourcesBuildPhase section */
		04B9DC7229E6C8A000A6AE67 /* Resources */ = {
			isa = PBXResourcesBuildPhase;
			buildActionMask = 2147483647;
			files = (
				04B9DCC329ED6C9200A6AE67 /* nightMist.json in Resources */,
				04B9DC7F29E6C8A400A6AE67 /* Preview Assets.xcassets in Resources */,
				04B9DCB829ED6C9200A6AE67 /* dayThunderstorm.json in Resources */,
				04B9DCC429ED6C9200A6AE67 /* dayFewClouds.json in Resources */,
				04B9DCBB29ED6C9200A6AE67 /* dayClearSky.json in Resources */,
				04B9DCB429ED6C9200A6AE67 /* dayBrokenClouds.json in Resources */,
				04B9DCBC29ED6C9200A6AE67 /* nightScatteredClouds.json in Resources */,
				04B9DCB329ED6C9200A6AE67 /* nightFewClouds.json in Resources */,
				04B9DCBD29ED6C9200A6AE67 /* nightThunderstorm.json in Resources */,
				04B9DCC129ED6C9200A6AE67 /* nightShowerRains.json in Resources */,
				04B9DCC029ED6C9200A6AE67 /* nightSnow.json in Resources */,
				04B9DCBA29ED6C9200A6AE67 /* dayRain.json in Resources */,
				04B9DCB629ED6C9200A6AE67 /* daySnow.json in Resources */,
				04B9DCBE29ED6C9200A6AE67 /* dayMist.json in Resources */,
				04B9DCB729ED6C9200A6AE67 /* nightRain.json in Resources */,
				04B9DCB529ED6C9200A6AE67 /* dayScatteredClouds.json in Resources */,
				04B9DCC229ED6C9200A6AE67 /* nightClearSky.json in Resources */,
				04B9DCBF29ED6C9200A6AE67 /* dayShowerRains.json in Resources */,
				04B9DCB929ED6C9200A6AE67 /* nightBrokenClouds.json in Resources */,
				04B9DC7C29E6C8A400A6AE67 /* Assets.xcassets in Resources */,
			);
			runOnlyForDeploymentPostprocessing = 0;
		};
/* End PBXResourcesBuildPhase section */

/* Begin PBXSourcesBuildPhase section */
		04B9DC7029E6C8A000A6AE67 /* Sources */ = {
			isa = PBXSourcesBuildPhase;
			buildActionMask = 2147483647;
			files = (
				04B9DCCE29EDDD4800A6AE67 /* DailyWeatherCell.swift in Sources */,
				04D37BE729FAF19900B1F501 /* LocationManager.swift in Sources */,
				04B9DC8B29E71B3500A6AE67 /* WeatherAPI.swift in Sources */,
				04B9DC9B29E973A100A6AE67 /* CityViewVM.swift in Sources */,
				04B9DCC829ED954000A6AE67 /* CityNameView.swift in Sources */,
				04B9DC9529E89DB500A6AE67 /* WeatherDetail.swift in Sources */,
				04B9DC7A29E6C8A000A6AE67 /* ContentView.swift in Sources */,
				04B9DCD029EDE37A00A6AE67 /* CityView.swift in Sources */,
				04D37BED29FB0C4900B1F501 /* ForecastView.swift in Sources */,
				04B9DC9129E89D2F00A6AE67 /* WeatherRespose.swift in Sources */,
				04B9DC8F29E7229600A6AE67 /* NetworkManager.swift in Sources */,
				04B9DC7829E6C8A000A6AE67 /* WeatherAppApp.swift in Sources */,
				04D37BEF29FB0CB200B1F501 /* MainView.swift in Sources */,
				04B9DCC629ED8D4500A6AE67 /* MenuHeaderView.swift in Sources */,
				04B9DC9329E89DA800A6AE67 /* Weather.swift in Sources */,
				04B9DCCA29ED9A3100A6AE67 /* TodayWeatherView.swift in Sources */,
				04B9DC9929E936C600A6AE67 /* Temperature.swift in Sources */,
				04B9DC9729E89DE700A6AE67 /* DailyWeather.swift in Sources */,
				04B9DCA029EC9BBE00A6AE67 /* LottieView.swift in Sources */,
			);
			runOnlyForDeploymentPostprocessing = 0;
		};
/* End PBXSourcesBuildPhase section */

/* Begin XCBuildConfiguration section */
		04B9DC8029E6C8A400A6AE67 /* Debug */ = {
			isa = XCBuildConfiguration;
			buildSettings = {
				ALWAYS_SEARCH_USER_PATHS = NO;
				CLANG_ANALYZER_NONNULL = YES;
				CLANG_ANALYZER_NUMBER_OBJECT_CONVERSION = YES_AGGRESSIVE;
				CLANG_CXX_LANGUAGE_STANDARD = "gnu++20";
				CLANG_ENABLE_MODULES = YES;
				CLANG_ENABLE_OBJC_ARC = YES;
				CLANG_ENABLE_OBJC_WEAK = YES;
				CLANG_WARN_BLOCK_CAPTURE_AUTORELEASING = YES;
				CLANG_WARN_BOOL_CONVERSION = YES;
				CLANG_WARN_COMMA = YES;
				CLANG_WARN_CONSTANT_CONVERSION = YES;
				CLANG_WARN_DEPRECATED_OBJC_IMPLEMENTATIONS = YES;
				CLANG_WARN_DIRECT_OBJC_ISA_USAGE = YES_ERROR;
				CLANG_WARN_DOCUMENTATION_COMMENTS = YES;
				CLANG_WARN_EMPTY_BODY = YES;
				CLANG_WARN_ENUM_CONVERSION = YES;
				CLANG_WARN_INFINITE_RECURSION = YES;
				CLANG_WARN_INT_CONVERSION = YES;
				CLANG_WARN_NON_LITERAL_NULL_CONVERSION = YES;
				CLANG_WARN_OBJC_IMPLICIT_RETAIN_SELF = YES;
				CLANG_WARN_OBJC_LITERAL_CONVERSION = YES;
				CLANG_WARN_OBJC_ROOT_CLASS = YES_ERROR;
				CLANG_WARN_QUOTED_INCLUDE_IN_FRAMEWORK_HEADER = YES;
				CLANG_WARN_RANGE_LOOP_ANALYSIS = YES;
				CLANG_WARN_STRICT_PROTOTYPES = YES;
				CLANG_WARN_SUSPICIOUS_MOVE = YES;
				CLANG_WARN_UNGUARDED_AVAILABILITY = YES_AGGRESSIVE;
				CLANG_WARN_UNREACHABLE_CODE = YES;
				CLANG_WARN__DUPLICATE_METHOD_MATCH = YES;
				COPY_PHASE_STRIP = NO;
				DEBUG_INFORMATION_FORMAT = dwarf;
				ENABLE_STRICT_OBJC_MSGSEND = YES;
				ENABLE_TESTABILITY = YES;
				GCC_C_LANGUAGE_STANDARD = gnu11;
				GCC_DYNAMIC_NO_PIC = NO;
				GCC_NO_COMMON_BLOCKS = YES;
				GCC_OPTIMIZATION_LEVEL = 0;
				GCC_PREPROCESSOR_DEFINITIONS = (
					"DEBUG=1",
					"$(inherited)",
				);
				GCC_WARN_64_TO_32_BIT_CONVERSION = YES;
				GCC_WARN_ABOUT_RETURN_TYPE = YES_ERROR;
				GCC_WARN_UNDECLARED_SELECTOR = YES;
				GCC_WARN_UNINITIALIZED_AUTOS = YES_AGGRESSIVE;
				GCC_WARN_UNUSED_FUNCTION = YES;
				GCC_WARN_UNUSED_VARIABLE = YES;
				IPHONEOS_DEPLOYMENT_TARGET = 14.5;
				MTL_ENABLE_DEBUG_INFO = INCLUDE_SOURCE;
				MTL_FAST_MATH = YES;
				ONLY_ACTIVE_ARCH = YES;
				SDKROOT = iphoneos;
				SWIFT_ACTIVE_COMPILATION_CONDITIONS = DEBUG;
				SWIFT_OPTIMIZATION_LEVEL = "-Onone";
			};
			name = Debug;
		};
		04B9DC8129E6C8A400A6AE67 /* Release */ = {
			isa = XCBuildConfiguration;
			buildSettings = {
				ALWAYS_SEARCH_USER_PATHS = NO;
				CLANG_ANALYZER_NONNULL = YES;
				CLANG_ANALYZER_NUMBER_OBJECT_CONVERSION = YES_AGGRESSIVE;
				CLANG_CXX_LANGUAGE_STANDARD = "gnu++20";
				CLANG_ENABLE_MODULES = YES;
				CLANG_ENABLE_OBJC_ARC = YES;
				CLANG_ENABLE_OBJC_WEAK = YES;
				CLANG_WARN_BLOCK_CAPTURE_AUTORELEASING = YES;
				CLANG_WARN_BOOL_CONVERSION = YES;
				CLANG_WARN_COMMA = YES;
				CLANG_WARN_CONSTANT_CONVERSION = YES;
				CLANG_WARN_DEPRECATED_OBJC_IMPLEMENTATIONS = YES;
				CLANG_WARN_DIRECT_OBJC_ISA_USAGE = YES_ERROR;
				CLANG_WARN_DOCUMENTATION_COMMENTS = YES;
				CLANG_WARN_EMPTY_BODY = YES;
				CLANG_WARN_ENUM_CONVERSION = YES;
				CLANG_WARN_INFINITE_RECURSION = YES;
				CLANG_WARN_INT_CONVERSION = YES;
				CLANG_WARN_NON_LITERAL_NULL_CONVERSION = YES;
				CLANG_WARN_OBJC_IMPLICIT_RETAIN_SELF = YES;
				CLANG_WARN_OBJC_LITERAL_CONVERSION = YES;
				CLANG_WARN_OBJC_ROOT_CLASS = YES_ERROR;
				CLANG_WARN_QUOTED_INCLUDE_IN_FRAMEWORK_HEADER = YES;
				CLANG_WARN_RANGE_LOOP_ANALYSIS = YES;
				CLANG_WARN_STRICT_PROTOTYPES = YES;
				CLANG_WARN_SUSPICIOUS_MOVE = YES;
				CLANG_WARN_UNGUARDED_AVAILABILITY = YES_AGGRESSIVE;
				CLANG_WARN_UNREACHABLE_CODE = YES;
				CLANG_WARN__DUPLICATE_METHOD_MATCH = YES;
				COPY_PHASE_STRIP = NO;
				DEBUG_INFORMATION_FORMAT = "dwarf-with-dsym";
				ENABLE_NS_ASSERTIONS = NO;
				ENABLE_STRICT_OBJC_MSGSEND = YES;
				GCC_C_LANGUAGE_STANDARD = gnu11;
				GCC_NO_COMMON_BLOCKS = YES;
				GCC_WARN_64_TO_32_BIT_CONVERSION = YES;
				GCC_WARN_ABOUT_RETURN_TYPE = YES_ERROR;
				GCC_WARN_UNDECLARED_SELECTOR = YES;
				GCC_WARN_UNINITIALIZED_AUTOS = YES_AGGRESSIVE;
				GCC_WARN_UNUSED_FUNCTION = YES;
				GCC_WARN_UNUSED_VARIABLE = YES;
				IPHONEOS_DEPLOYMENT_TARGET = 14.5;
				MTL_ENABLE_DEBUG_INFO = NO;
				MTL_FAST_MATH = YES;
				SDKROOT = iphoneos;
				SWIFT_COMPILATION_MODE = wholemodule;
				SWIFT_OPTIMIZATION_LEVEL = "-O";
				VALIDATE_PRODUCT = YES;
			};
			name = Release;
		};
		04B9DC8329E6C8A400A6AE67 /* Debug */ = {
			isa = XCBuildConfiguration;
			buildSettings = {
				ASSETCATALOG_COMPILER_APPICON_NAME = AppIcon;
				ASSETCATALOG_COMPILER_GLOBAL_ACCENT_COLOR_NAME = AccentColor;
				CODE_SIGN_STYLE = Automatic;
				CURRENT_PROJECT_VERSION = 1;
				DEVELOPMENT_ASSET_PATHS = "\"WeatherApp/Preview Content\"";
				DEVELOPMENT_TEAM = 8RR9M64TNW;
				ENABLE_PREVIEWS = YES;
				GENERATE_INFOPLIST_FILE = YES;
				INFOPLIST_KEY_UIApplicationSceneManifest_Generation = YES;
				INFOPLIST_KEY_UIApplicationSupportsIndirectInputEvents = YES;
				INFOPLIST_KEY_UILaunchScreen_Generation = YES;
				INFOPLIST_KEY_UISupportedInterfaceOrientations_iPad = "UIInterfaceOrientationPortrait UIInterfaceOrientationPortraitUpsideDown UIInterfaceOrientationLandscapeLeft UIInterfaceOrientationLandscapeRight";
				INFOPLIST_KEY_UISupportedInterfaceOrientations_iPhone = "UIInterfaceOrientationPortrait UIInterfaceOrientationLandscapeLeft UIInterfaceOrientationLandscapeRight";
				LD_RUNPATH_SEARCH_PATHS = (
					"$(inherited)",
					"@executable_path/Frameworks",
				);
				MARKETING_VERSION = 1.0;
				PRODUCT_BUNDLE_IDENTIFIER = semjon.g.WeatherApp;
				PRODUCT_NAME = "$(TARGET_NAME)";
				SWIFT_EMIT_LOC_STRINGS = YES;
				SWIFT_VERSION = 5.0;
				TARGETED_DEVICE_FAMILY = "1,2";
			};
			name = Debug;
		};
		04B9DC8429E6C8A400A6AE67 /* Release */ = {
			isa = XCBuildConfiguration;
			buildSettings = {
				ASSETCATALOG_COMPILER_APPICON_NAME = AppIcon;
				ASSETCATALOG_COMPILER_GLOBAL_ACCENT_COLOR_NAME = AccentColor;
				CODE_SIGN_STYLE = Automatic;
				CURRENT_PROJECT_VERSION = 1;
				DEVELOPMENT_ASSET_PATHS = "\"WeatherApp/Preview Content\"";
				DEVELOPMENT_TEAM = 8RR9M64TNW;
				ENABLE_PREVIEWS = YES;
				GENERATE_INFOPLIST_FILE = YES;
				INFOPLIST_KEY_UIApplicationSceneManifest_Generation = YES;
				INFOPLIST_KEY_UIApplicationSupportsIndirectInputEvents = YES;
				INFOPLIST_KEY_UILaunchScreen_Generation = YES;
				INFOPLIST_KEY_UISupportedInterfaceOrientations_iPad = "UIInterfaceOrientationPortrait UIInterfaceOrientationPortraitUpsideDown UIInterfaceOrientationLandscapeLeft UIInterfaceOrientationLandscapeRight";
				INFOPLIST_KEY_UISupportedInterfaceOrientations_iPhone = "UIInterfaceOrientationPortrait UIInterfaceOrientationLandscapeLeft UIInterfaceOrientationLandscapeRight";
				LD_RUNPATH_SEARCH_PATHS = (
					"$(inherited)",
					"@executable_path/Frameworks",
				);
				MARKETING_VERSION = 1.0;
				PRODUCT_BUNDLE_IDENTIFIER = semjon.g.WeatherApp;
				PRODUCT_NAME = "$(TARGET_NAME)";
				SWIFT_EMIT_LOC_STRINGS = YES;
				SWIFT_VERSION = 5.0;
				TARGETED_DEVICE_FAMILY = "1,2";
			};
			name = Release;
		};
/* End XCBuildConfiguration section */

/* Begin XCConfigurationList section */
		04B9DC6F29E6C8A000A6AE67 /* Build configuration list for PBXProject "WeatherApp" */ = {
			isa = XCConfigurationList;
			buildConfigurations = (
				04B9DC8029E6C8A400A6AE67 /* Debug */,
				04B9DC8129E6C8A400A6AE67 /* Release */,
			);
			defaultConfigurationIsVisible = 0;
			defaultConfigurationName = Release;
		};
		04B9DC8229E6C8A400A6AE67 /* Build configuration list for PBXNativeTarget "WeatherApp" */ = {
			isa = XCConfigurationList;
			buildConfigurations = (
				04B9DC8329E6C8A400A6AE67 /* Debug */,
				04B9DC8429E6C8A400A6AE67 /* Release */,
			);
			defaultConfigurationIsVisible = 0;
			defaultConfigurationName = Release;
		};
/* End XCConfigurationList section */

/* Begin XCRemoteSwiftPackageReference section */
		04B9DC9C29EC9AA500A6AE67 /* XCRemoteSwiftPackageReference "lottie-spm" */ = {
			isa = XCRemoteSwiftPackageReference;
			repositoryURL = "https://github.com/airbnb/lottie-spm.git";
			requirement = {
				kind = exactVersion;
				version = 4.1.3;
			};
		};
/* End XCRemoteSwiftPackageReference section */

/* Begin XCSwiftPackageProductDependency section */
		04B9DC9D29EC9AA500A6AE67 /* Lottie */ = {
			isa = XCSwiftPackageProductDependency;
			package = 04B9DC9C29EC9AA500A6AE67 /* XCRemoteSwiftPackageReference "lottie-spm" */;
			productName = Lottie;
		};
/* End XCSwiftPackageProductDependency section */
	};
	rootObject = 04B9DC6C29E6C8A000A6AE67 /* Project object */;
}
